
Microsoft Visual Studio Solution File, Format Version 12.00
# Visual Studio Version 16
VisualStudioVersion = 25.0.1706.7
MinimumVisualStudioVersion = 10.0.40219.1
Project("{FAE04EC0-301F-11D3-BF4B-00C04F79EFBC}") = "Store", "Store\Store.csproj", "{A56F1CF5-D68A-4CDB-AC81-8FA572794EC9}"
EndProject
Global
	GlobalSection(SolutionConfigurationPlatforms) = preSolution
		Debug|Any CPU = Debug|Any CPU
		Release|Any CPU = Release|Any CPU
	EndGlobalSection
	GlobalSection(ProjectConfigurationPlatforms) = postSolution
		{A56F1CF5-D68A-4CDB-AC81-8FA572794EC9}.Debug|Any CPU.ActiveCfg = Debug|Any CPU
		{A56F1CF5-D68A-4CDB-AC81-8FA572794EC9}.Debug|Any CPU.Build.0 = Debug|Any CPU
		{A56F1CF5-D68A-4CDB-AC81-8FA572794EC9}.Release|Any CPU.ActiveCfg = Release|Any CPU
		{A56F1CF5-D68A-4CDB-AC81-8FA572794EC9}.Release|Any CPU.Build.0 = Release|Any CPU
	EndGlobalSection
	GlobalSection(SolutionProperties) = preSolution
		HideSolutionNode = FALSE
	EndGlobalSection
	GlobalSection(ExtensibilityGlobals) = postSolution
		SolutionGuid = {49E3A56D-A68B-4672-8BA7-66BE858BE01B}
	EndGlobalSection
EndGlobal
